<?xml version="1.0" encoding="utf-8"?>
<Project ToolsVersion="4.0" xmlns="http://schemas.microsoft.com/developer/msbuild/2003">
  <ItemGroup>
    <ClCompile Include="Universal.cpp" />
    <ClCompile Include="TestForDriver.Main.cpp" />
    <ClCompile Include="Musa.Tests\Test.Algorithms.Random.Sample.cpp">
      <Filter>Musa.Tests</Filter>
    </ClCompile>
    <ClCompile Include="Musa.Tests\Test.Algorithms.Random.Sample.Ranges.cpp">
      <Filter>Musa.Tests</Filter>
    </ClCompile>
    <ClCompile Include="Musa.Tests\Test.Algorithms.Random.Sample.Stable.cpp">
      <Filter>Musa.Tests</Filter>
    </ClCompile>
    <ClCompile Include="Musa.Tests\Test.Atomic.Fences.cpp">
      <Filter>Musa.Tests</Filter>
    </ClCompile>
    <ClCompile Include="Musa.Tests\Test.Atomic.Flag.cpp">
      <Filter>Musa.Tests</Filter>
    </ClCompile>
    <ClCompile Include="Musa.Tests\Test.Atomic.LockFree.cpp">
      <Filter>Musa.Tests</Filter>
    </ClCompile>
    <ClCompile Include="Musa.Tests\Test.Atomic.Order.cpp">
      <Filter>Musa.Tests</Filter>
    </ClCompile>
    <ClCompile Include="Musa.Tests\Test.Atomic.Ref.cpp">
      <Filter>Musa.Tests</Filter>
    </ClCompile>
    <ClCompile Include="Musa.Tests\Test.Atomic.Types.Generic.cpp">
      <Filter>Musa.Tests</Filter>
    </ClCompile>
    <ClCompile Include="Musa.Tests\Test.Atomic.Types.Operations.cpp">
      <Filter>Musa.Tests</Filter>
    </ClCompile>
    <ClCompile Include="Musa.Tests\Test.Atomic.Types.Float.cpp" />
  </ItemGroup>
  <ItemGroup>
    <ClInclude Include="Universal.h" />
    <ClInclude Include="Musa.Tests\Test.h">
      <Filter>Musa.Tests</Filter>
    </ClInclude>
  </ItemGroup>
  <ItemGroup>
    <Inf Include="Musa.Runtime.TestForDriver.inf" />
  </ItemGroup>
  <ItemGroup>
    <Filter Include="Musa.Tests">
      <UniqueIdentifier>{3ade1fb0-2a9d-467c-8eff-a89bea510e66}</UniqueIdentifier>
    </Filter>
  </ItemGroup>
</Project>