<?xml version="1.0" encoding="utf-8"?>
<Project ToolsVersion="4.0" xmlns="http://schemas.microsoft.com/developer/msbuild/2003">
  <ItemGroup>
    <Filter Include="crt">
      <UniqueIdentifier>{6855f934-edfc-4919-a1ce-2b49a17e6147}</UniqueIdentifier>
    </Filter>
    <Filter Include="crt\stl">
      <UniqueIdentifier>{a30fa9fb-21a2-4a18-99c9-775693bab620}</UniqueIdentifier>
    </Filter>
  </ItemGroup>
  <ItemGroup>
    <ClInclude Include="universal.h" />
  </ItemGroup>
  <ItemGroup>
    <ClCompile Include="universal.cpp" />
    <ClCompile Include="$(Musa_Runtime_VC_ToolsInstallDir)\crt\stl\asan_noop.cpp">
      <Filter>crt\stl</Filter>
    </ClCompile>
    <ClCompile Include="$(Musa_Runtime_VC_ToolsInstallDir)\crt\stl\atomic.cpp">
      <Filter>crt\stl</Filter>
    </ClCompile>
    <ClCompile Include="$(Musa_Runtime_VC_ToolsInstallDir)\crt\stl\atomic_wait.cpp">
      <Filter>crt\stl</Filter>
    </ClCompile>
    <ClCompile Include="$(Musa_Runtime_VC_ToolsInstallDir)\crt\stl\charconv.cpp">
      <Filter>crt\stl</Filter>
    </ClCompile>
    <ClCompile Include="$(Musa_Runtime_VC_ToolsInstallDir)\crt\stl\cond.cpp">
      <Filter>crt\stl</Filter>
    </ClCompile>
    <ClCompile Include="$(Musa_Runtime_VC_ToolsInstallDir)\crt\stl\cthread.cpp">
      <Filter>crt\stl</Filter>
    </ClCompile>
    <ClCompile Include="$(Musa_Runtime_VC_ToolsInstallDir)\crt\stl\excptptr.cpp">
      <Filter>crt\stl</Filter>
    </ClCompile>
    <ClCompile Include="$(Musa_Runtime_VC_ToolsInstallDir)\crt\stl\filesystem.cpp">
      <Filter>crt\stl</Filter>
    </ClCompile>
    <ClCompile Include="$(Musa_Runtime_VC_ToolsInstallDir)\crt\stl\future.cpp">
      <Filter>crt\stl</Filter>
    </ClCompile>
    <ClCompile Include="$(Musa_Runtime_VC_ToolsInstallDir)\crt\stl\memory_resource.cpp">
      <Filter>crt\stl</Filter>
    </ClCompile>
    <ClCompile Include="$(Musa_Runtime_VC_ToolsInstallDir)\crt\stl\multprec.cpp">
      <Filter>crt\stl</Filter>
    </ClCompile>
    <ClCompile Include="$(Musa_Runtime_VC_ToolsInstallDir)\crt\stl\nothrow.cpp">
      <Filter>crt\stl</Filter>
    </ClCompile>
    <ClCompile Include="$(Musa_Runtime_VC_ToolsInstallDir)\crt\stl\raisehan.cpp">
      <Filter>crt\stl</Filter>
    </ClCompile>
    <ClCompile Include="$(Musa_Runtime_VC_ToolsInstallDir)\crt\stl\sharedmutex.cpp">
      <Filter>crt\stl</Filter>
    </ClCompile>
    <ClCompile Include="$(Musa_Runtime_VC_ToolsInstallDir)\crt\stl\special_math.cpp">
      <Filter>crt\stl</Filter>
    </ClCompile>
    <ClCompile Include="$(Musa_Runtime_VC_ToolsInstallDir)\crt\stl\stdhndlr.cpp">
      <Filter>crt\stl</Filter>
    </ClCompile>
    <ClCompile Include="$(Musa_Runtime_VC_ToolsInstallDir)\crt\stl\stdthrow.cpp">
      <Filter>crt\stl</Filter>
    </ClCompile>
    <ClCompile Include="$(Musa_Runtime_VC_ToolsInstallDir)\crt\stl\syserror.cpp">
      <Filter>crt\stl</Filter>
    </ClCompile>
    <ClCompile Include="$(Musa_Runtime_VC_ToolsInstallDir)\crt\stl\thread0.cpp">
      <Filter>crt\stl</Filter>
    </ClCompile>
    <ClCompile Include="$(Musa_Runtime_VC_ToolsInstallDir)\crt\stl\uncaught_exception.cpp">
      <Filter>crt\stl</Filter>
    </ClCompile>
    <ClCompile Include="$(Musa_Runtime_VC_ToolsInstallDir)\crt\stl\uncaught_exceptions.cpp">
      <Filter>crt\stl</Filter>
    </ClCompile>
    <ClCompile Include="$(Musa_Runtime_VC_ToolsInstallDir)\crt\stl\vector_algorithms.cpp">
      <Filter>crt\stl</Filter>
    </ClCompile>
    <ClCompile Include="$(Musa_Runtime_VC_ToolsInstallDir)\crt\stl\xstol.cpp">
      <Filter>crt\stl</Filter>
    </ClCompile>
    <ClCompile Include="$(Musa_Runtime_VC_ToolsInstallDir)\crt\stl\xstoll.cpp">
      <Filter>crt\stl</Filter>
    </ClCompile>
    <ClCompile Include="$(Musa_Runtime_VC_ToolsInstallDir)\crt\stl\xstoul.cpp">
      <Filter>crt\stl</Filter>
    </ClCompile>
    <ClCompile Include="$(Musa_Runtime_VC_ToolsInstallDir)\crt\stl\xstoull.cpp">
      <Filter>crt\stl</Filter>
    </ClCompile>
    <ClCompile Include="$(Musa_Runtime_VC_ToolsInstallDir)\crt\stl\format.cpp">
      <Filter>crt\stl</Filter>
    </ClCompile>
    <ClCompile Include="$(Musa_Runtime_VC_ToolsInstallDir)\crt\stl\regex.cpp">
      <Filter>crt\stl</Filter>
    </ClCompile>
    <ClCompile Include="$(Musa_Runtime_VC_ToolsInstallDir)\crt\stl\locale0.cpp">
      <Filter>crt\stl</Filter>
    </ClCompile>
    <ClCompile Include="$(Musa_Runtime_VC_ToolsInstallDir)\crt\stl\xstrxfrm.cpp">
      <Filter>crt\stl</Filter>
    </ClCompile>
    <ClCompile Include="$(Musa_Runtime_VC_ToolsInstallDir)\crt\stl\_tolower.cpp">
      <Filter>crt\stl</Filter>
    </ClCompile>
    <ClCompile Include="$(Musa_Runtime_VC_ToolsInstallDir)\crt\stl\_toupper.cpp">
      <Filter>crt\stl</Filter>
    </ClCompile>
    <ClCompile Include="$(Musa_Runtime_VC_ToolsInstallDir)\crt\stl\xstrcoll.cpp">
      <Filter>crt\stl</Filter>
    </ClCompile>
    <ClCompile Include="$(Musa_Runtime_VC_ToolsInstallDir)\crt\stl\locale.cpp">
      <Filter>crt\stl</Filter>
    </ClCompile>
    <ClCompile Include="$(Musa_Runtime_VC_ToolsInstallDir)\crt\stl\xwctomb.cpp">
      <Filter>crt\stl</Filter>
    </ClCompile>
    <ClCompile Include="$(Musa_Runtime_VC_ToolsInstallDir)\crt\stl\xstod.cpp">
      <Filter>crt\stl</Filter>
    </ClCompile>
    <ClCompile Include="$(Musa_Runtime_VC_ToolsInstallDir)\crt\stl\xstof.cpp">
      <Filter>crt\stl</Filter>
    </ClCompile>
    <ClCompile Include="$(Musa_Runtime_VC_ToolsInstallDir)\crt\stl\xtowlower.cpp">
      <Filter>crt\stl</Filter>
    </ClCompile>
    <ClCompile Include="$(Musa_Runtime_VC_ToolsInstallDir)\crt\stl\xtowupper.cpp">
      <Filter>crt\stl</Filter>
    </ClCompile>
    <ClCompile Include="$(Musa_Runtime_VC_ToolsInstallDir)\crt\stl\xmbtowc.cpp">
      <Filter>crt\stl</Filter>
    </ClCompile>
    <ClCompile Include="$(Musa_Runtime_VC_ToolsInstallDir_Overlay)\crt\stl\locale_stubs.cpp">
      <Filter>crt\stl</Filter>
    </ClCompile>
    <ClCompile Include="$(Musa_Runtime_VC_ToolsInstallDir)\crt\stl\xrngdev.cpp">
      <Filter>crt\stl</Filter>
    </ClCompile>
    <ClCompile Include="$(Musa_Runtime_VC_ToolsInstallDir)\crt\stl\xalloc.cpp">
      <Filter>crt\stl</Filter>
    </ClCompile>
    <ClCompile Include="$(Musa_Runtime_VC_ToolsInstallDir)\crt\stl\xcharconv_ryu_tables.cpp">
      <Filter>crt\stl</Filter>
    </ClCompile>
    <ClCompile Include="$(Musa_Runtime_VC_ToolsInstallDir)\crt\stl\xcharconv_tables_double.cpp">
      <Filter>crt\stl</Filter>
    </ClCompile>
    <ClCompile Include="$(Musa_Runtime_VC_ToolsInstallDir)\crt\stl\xcharconv_tables_float.cpp">
      <Filter>crt\stl</Filter>
    </ClCompile>
    <ClCompile Include="$(Musa_Runtime_VC_ToolsInstallDir)\crt\stl\xdtest.cpp">
      <Filter>crt\stl</Filter>
    </ClCompile>
    <ClCompile Include="$(Musa_Runtime_VC_ToolsInstallDir)\crt\stl\xexp.cpp">
      <Filter>crt\stl</Filter>
    </ClCompile>
    <ClCompile Include="$(Musa_Runtime_VC_ToolsInstallDir)\crt\stl\xlgamma.cpp">
      <Filter>crt\stl</Filter>
    </ClCompile>
    <ClCompile Include="$(Musa_Runtime_VC_ToolsInstallDir)\crt\stl\xlock.cpp">
      <Filter>crt\stl</Filter>
    </ClCompile>
    <ClCompile Include="$(Musa_Runtime_VC_ToolsInstallDir)\crt\stl\xmtx.cpp">
      <Filter>crt\stl</Filter>
    </ClCompile>
    <ClCompile Include="$(Musa_Runtime_VC_ToolsInstallDir)\crt\stl\xnotify.cpp">
      <Filter>crt\stl</Filter>
    </ClCompile>
    <ClCompile Include="$(Musa_Runtime_VC_ToolsInstallDir)\crt\stl\xonce.cpp">
      <Filter>crt\stl</Filter>
    </ClCompile>
    <ClCompile Include="$(Musa_Runtime_VC_ToolsInstallDir)\crt\stl\xonce2.cpp">
      <Filter>crt\stl</Filter>
    </ClCompile>
    <ClCompile Include="$(Musa_Runtime_VC_ToolsInstallDir)\crt\stl\xthrow.cpp">
      <Filter>crt\stl</Filter>
    </ClCompile>
    <ClCompile Include="$(Musa_Runtime_VC_ToolsInstallDir)\crt\stl\xtime.cpp">
      <Filter>crt\stl</Filter>
    </ClCompile>
    <ClCompile Include="$(Musa_Runtime_VC_ToolsInstallDir)\crt\stl\xvalues.cpp">
      <Filter>crt\stl</Filter>
    </ClCompile>
    <ClCompile Include="$(Musa_Runtime_VC_ToolsInstallDir_Overlay)\crt\stl\mutex.cpp">
      <Filter>crt\stl</Filter>
    </ClCompile>
    <ClCompile Include="$(Musa_Runtime_VC_ToolsInstallDir_Overlay)\crt\stl\syserror_import_lib.cpp">
      <Filter>crt\stl</Filter>
    </ClCompile>
    <ClCompile Include="$(Musa_Runtime_VC_ToolsInstallDir_Overlay)\crt\stl\xrngabort.cpp">
      <Filter>crt\stl</Filter>
    </ClCompile>
  </ItemGroup>
</Project>